// !$*UTF8*$!
{
	archiveVersion = 1;
	classes = {
	};
	objectVersion = 50;
	objects = {

/* Begin PBXBuildFile section */
		493EDF842875DB4500EB1B5A /* HabitDetailsViewController.swift in Sources */ = {isa = PBXBuildFile; fileRef = 493EDF832875DB4500EB1B5A /* HabitDetailsViewController.swift */; };
		493EDF872875E02900EB1B5A /* EditHabitViewController.swift in Sources */ = {isa = PBXBuildFile; fileRef = 493EDF862875E02900EB1B5A /* EditHabitViewController.swift */; };
		49420AC6287C4C2700F3DE33 /* HabitDetailsHeaderView.swift in Sources */ = {isa = PBXBuildFile; fileRef = 49420AC5287C4C2700F3DE33 /* HabitDetailsHeaderView.swift */; };
		494AE05D286B1C6C00C1E4F7 /* AppDelegate.swift in Sources */ = {isa = PBXBuildFile; fileRef = 494AE05C286B1C6C00C1E4F7 /* AppDelegate.swift */; };
		494AE05F286B1C6C00C1E4F7 /* SceneDelegate.swift in Sources */ = {isa = PBXBuildFile; fileRef = 494AE05E286B1C6C00C1E4F7 /* SceneDelegate.swift */; };
		494AE061286B1C6C00C1E4F7 /* HabitsViewController.swift in Sources */ = {isa = PBXBuildFile; fileRef = 494AE060286B1C6C00C1E4F7 /* HabitsViewController.swift */; };
		494AE066286B1C6E00C1E4F7 /* Assets.xcassets in Resources */ = {isa = PBXBuildFile; fileRef = 494AE065286B1C6E00C1E4F7 /* Assets.xcassets */; };
		494AE069286B1C6E00C1E4F7 /* LaunchScreen.storyboard in Resources */ = {isa = PBXBuildFile; fileRef = 494AE067286B1C6E00C1E4F7 /* LaunchScreen.storyboard */; };
		494AE083286B1DE900C1E4F7 /* HabitsStore.swift in Sources */ = {isa = PBXBuildFile; fileRef = 494AE082286B1DE900C1E4F7 /* HabitsStore.swift */; };
		494AE088286B29FB00C1E4F7 /* InfoViewController.swift in Sources */ = {isa = PBXBuildFile; fileRef = 494AE087286B29FB00C1E4F7 /* InfoViewController.swift */; };
		494AE08C286B375200C1E4F7 /* NewHabit.swift in Sources */ = {isa = PBXBuildFile; fileRef = 494AE08B286B375200C1E4F7 /* NewHabit.swift */; };
		494AE094286B8B8700C1E4F7 /* HabitCollectionViewCell.swift in Sources */ = {isa = PBXBuildFile; fileRef = 494AE093286B8B8700C1E4F7 /* HabitCollectionViewCell.swift */; };
		494AE097286B8EF900C1E4F7 /* ProgressCollectionViewCell.swift in Sources */ = {isa = PBXBuildFile; fileRef = 494AE096286B8EF900C1E4F7 /* ProgressCollectionViewCell.swift */; };
/* End PBXBuildFile section */

/* Begin PBXFileReference section */
		493EDF832875DB4500EB1B5A /* HabitDetailsViewController.swift */ = {isa = PBXFileReference; lastKnownFileType = sourcecode.swift; path = HabitDetailsViewController.swift; sourceTree = "<group>"; };
		493EDF862875E02900EB1B5A /* EditHabitViewController.swift */ = {isa = PBXFileReference; lastKnownFileType = sourcecode.swift; path = EditHabitViewController.swift; sourceTree = "<group>"; };
		49420AC5287C4C2700F3DE33 /* HabitDetailsHeaderView.swift */ = {isa = PBXFileReference; lastKnownFileType = sourcecode.swift; path = HabitDetailsHeaderView.swift; sourceTree = "<group>"; };
		494AE059286B1C6C00C1E4F7 /* MyHabits.app */ = {isa = PBXFileReference; explicitFileType = wrapper.application; includeInIndex = 0; path = MyHabits.app; sourceTree = BUILT_PRODUCTS_DIR; };
		494AE05C286B1C6C00C1E4F7 /* AppDelegate.swift */ = {isa = PBXFileReference; lastKnownFileType = sourcecode.swift; path = AppDelegate.swift; sourceTree = "<group>"; };
		494AE05E286B1C6C00C1E4F7 /* SceneDelegate.swift */ = {isa = PBXFileReference; lastKnownFileType = sourcecode.swift; path = SceneDelegate.swift; sourceTree = "<group>"; };
		494AE060286B1C6C00C1E4F7 /* HabitsViewController.swift */ = {isa = PBXFileReference; lastKnownFileType = sourcecode.swift; path = HabitsViewController.swift; sourceTree = "<group>"; };
		494AE065286B1C6E00C1E4F7 /* Assets.xcassets */ = {isa = PBXFileReference; lastKnownFileType = folder.assetcatalog; path = Assets.xcassets; sourceTree = "<group>"; };
		494AE068286B1C6E00C1E4F7 /* Base */ = {isa = PBXFileReference; lastKnownFileType = file.storyboard; name = Base; path = Base.lproj/LaunchScreen.storyboard; sourceTree = "<group>"; };
		494AE06A286B1C6E00C1E4F7 /* Info.plist */ = {isa = PBXFileReference; lastKnownFileType = text.plist.xml; path = Info.plist; sourceTree = "<group>"; };
		494AE082286B1DE900C1E4F7 /* HabitsStore.swift */ = {isa = PBXFileReference; fileEncoding = 4; lastKnownFileType = sourcecode.swift; path = HabitsStore.swift; sourceTree = "<group>"; };
		494AE087286B29FB00C1E4F7 /* InfoViewController.swift */ = {isa = PBXFileReference; lastKnownFileType = sourcecode.swift; path = InfoViewController.swift; sourceTree = "<group>"; };
		494AE08B286B375200C1E4F7 /* NewHabit.swift */ = {isa = PBXFileReference; lastKnownFileType = sourcecode.swift; path = NewHabit.swift; sourceTree = "<group>"; };
		494AE093286B8B8700C1E4F7 /* HabitCollectionViewCell.swift */ = {isa = PBXFileReference; lastKnownFileType = sourcecode.swift; path = HabitCollectionViewCell.swift; sourceTree = "<group>"; };
		494AE096286B8EF900C1E4F7 /* ProgressCollectionViewCell.swift */ = {isa = PBXFileReference; lastKnownFileType = sourcecode.swift; path = ProgressCollectionViewCell.swift; sourceTree = "<group>"; };
/* End PBXFileReference section */

/* Begin PBXFrameworksBuildPhase section */
		494AE056286B1C6C00C1E4F7 /* Frameworks */ = {
			isa = PBXFrameworksBuildPhase;
			buildActionMask = 2147483647;
			files = (
			);
			runOnlyForDeploymentPostprocessing = 0;
		};
/* End PBXFrameworksBuildPhase section */

/* Begin PBXGroup section */
		494AE050286B1C6C00C1E4F7 = {
			isa = PBXGroup;
			children = (
				494AE05B286B1C6C00C1E4F7 /* MyHabits */,
				494AE05A286B1C6C00C1E4F7 /* Products */,
			);
			sourceTree = "<group>";
		};
		494AE05A286B1C6C00C1E4F7 /* Products */ = {
			isa = PBXGroup;
			children = (
				494AE059286B1C6C00C1E4F7 /* MyHabits.app */,
			);
			name = Products;
			sourceTree = "<group>";
		};
		494AE05B286B1C6C00C1E4F7 /* MyHabits */ = {
			isa = PBXGroup;
			children = (
				494AE05C286B1C6C00C1E4F7 /* AppDelegate.swift */,
				494AE074286B1D8200C1E4F7 /* Store */,
				494AE05E286B1C6C00C1E4F7 /* SceneDelegate.swift */,
				494AE096286B8EF900C1E4F7 /* ProgressCollectionViewCell.swift */,
				494AE093286B8B8700C1E4F7 /* HabitCollectionViewCell.swift */,
				494AE090286B676200C1E4F7 /* Habit */,
				494AE08A286B371A00C1E4F7 /* View */,
				494AE065286B1C6E00C1E4F7 /* Assets.xcassets */,
				494AE067286B1C6E00C1E4F7 /* LaunchScreen.storyboard */,
				494AE06A286B1C6E00C1E4F7 /* Info.plist */,
			);
			path = MyHabits;
			sourceTree = "<group>";
		};
		494AE074286B1D8200C1E4F7 /* Store */ = {
			isa = PBXGroup;
			children = (
				494AE082286B1DE900C1E4F7 /* HabitsStore.swift */,
			);
			path = Store;
			sourceTree = "<group>";
		};
		494AE08A286B371A00C1E4F7 /* View */ = {
			isa = PBXGroup;
			children = (
				494AE060286B1C6C00C1E4F7 /* HabitsViewController.swift */,
				494AE087286B29FB00C1E4F7 /* InfoViewController.swift */,
			);
			path = View;
			sourceTree = "<group>";
		};
		494AE090286B676200C1E4F7 /* Habit */ = {
			isa = PBXGroup;
			children = (
				494AE08B286B375200C1E4F7 /* NewHabit.swift */,
				493EDF832875DB4500EB1B5A /* HabitDetailsViewController.swift */,
				493EDF862875E02900EB1B5A /* EditHabitViewController.swift */,
				49420AC5287C4C2700F3DE33 /* HabitDetailsHeaderView.swift */,
			);
			path = Habit;
			sourceTree = "<group>";
		};
/* End PBXGroup section */

/* Begin PBXNativeTarget section */
		494AE058286B1C6C00C1E4F7 /* MyHabits */ = {
			isa = PBXNativeTarget;
			buildConfigurationList = 494AE06D286B1C6E00C1E4F7 /* Build configuration list for PBXNativeTarget "MyHabits" */;
			buildPhases = (
				494AE055286B1C6C00C1E4F7 /* Sources */,
				494AE056286B1C6C00C1E4F7 /* Frameworks */,
				494AE057286B1C6C00C1E4F7 /* Resources */,
			);
			buildRules = (
			);
			dependencies = (
			);
			name = MyHabits;
			productName = MyHabits;
			productReference = 494AE059286B1C6C00C1E4F7 /* MyHabits.app */;
			productType = "com.apple.product-type.application";
		};
/* End PBXNativeTarget section */

/* Begin PBXProject section */
		494AE051286B1C6C00C1E4F7 /* Project object */ = {
			isa = PBXProject;
			attributes = {
				LastSwiftUpdateCheck = 1220;
				LastUpgradeCheck = 1220;
				TargetAttributes = {
					494AE058286B1C6C00C1E4F7 = {
						CreatedOnToolsVersion = 12.2;
					};
				};
			};
			buildConfigurationList = 494AE054286B1C6C00C1E4F7 /* Build configuration list for PBXProject "MyHabits" */;
			compatibilityVersion = "Xcode 9.3";
			developmentRegion = en;
			hasScannedForEncodings = 0;
			knownRegions = (
				en,
				Base,
			);
			mainGroup = 494AE050286B1C6C00C1E4F7;
			productRefGroup = 494AE05A286B1C6C00C1E4F7 /* Products */;
			projectDirPath = "";
			projectRoot = "";
			targets = (
				494AE058286B1C6C00C1E4F7 /* MyHabits */,
			);
		};
/* End PBXProject section */

/* Begin PBXResourcesBuildPhase section */
		494AE057286B1C6C00C1E4F7 /* Resources */ = {
			isa = PBXResourcesBuildPhase;
			buildActionMask = 2147483647;
			files = (
				494AE069286B1C6E00C1E4F7 /* LaunchScreen.storyboard in Resources */,
				494AE066286B1C6E00C1E4F7 /* Assets.xcassets in Resources */,
			);
			runOnlyForDeploymentPostprocessing = 0;
		};
/* End PBXResourcesBuildPhase section */

/* Begin PBXSourcesBuildPhase section */
		494AE055286B1C6C00C1E4F7 /* Sources */ = {
			isa = PBXSourcesBuildPhase;
			buildActionMask = 2147483647;
			files = (
				49420AC6287C4C2700F3DE33 /* HabitDetailsHeaderView.swift in Sources */,
				494AE083286B1DE900C1E4F7 /* HabitsStore.swift in Sources */,
				493EDF872875E02900EB1B5A /* EditHabitViewController.swift in Sources */,
				494AE061286B1C6C00C1E4F7 /* HabitsViewController.swift in Sources */,
				494AE094286B8B8700C1E4F7 /* HabitCollectionViewCell.swift in Sources */,
				494AE05D286B1C6C00C1E4F7 /* AppDelegate.swift in Sources */,
				494AE08C286B375200C1E4F7 /* NewHabit.swift in Sources */,
				494AE05F286B1C6C00C1E4F7 /* SceneDelegate.swift in Sources */,
				494AE097286B8EF900C1E4F7 /* ProgressCollectionViewCell.swift in Sources */,
				493EDF842875DB4500EB1B5A /* HabitDetailsViewController.swift in Sources */,
				494AE088286B29FB00C1E4F7 /* InfoViewController.swift in Sources */,
			);
			runOnlyForDeploymentPostprocessing = 0;
		};
/* End PBXSourcesBuildPhase section */

/* Begin PBXVariantGroup section */
		494AE067286B1C6E00C1E4F7 /* LaunchScreen.storyboard */ = {
			isa = PBXVariantGroup;
			children = (
				494AE068286B1C6E00C1E4F7 /* Base */,
			);
			name = LaunchScreen.storyboard;
			sourceTree = "<group>";
		};
/* End PBXVariantGroup section */

/* Begin XCBuildConfiguration section */
		494AE06B286B1C6E00C1E4F7 /* Debug */ = {
			isa = XCBuildConfiguration;
			buildSettings = {
				ALWAYS_SEARCH_USER_PATHS = NO;
				CLANG_ANALYZER_NONNULL = YES;
				CLANG_ANALYZER_NUMBER_OBJECT_CONVERSION = YES_AGGRESSIVE;
				CLANG_CXX_LANGUAGE_STANDARD = "gnu++14";
				CLANG_CXX_LIBRARY = "libc++";
				CLANG_ENABLE_MODULES = YES;
				CLANG_ENABLE_OBJC_ARC = YES;
				CLANG_ENABLE_OBJC_WEAK = YES;
				CLANG_WARN_BLOCK_CAPTURE_AUTORELEASING = YES;
				CLANG_WARN_BOOL_CONVERSION = YES;
				CLANG_WARN_COMMA = YES;
				CLANG_WARN_CONSTANT_CONVERSION = YES;
				CLANG_WARN_DEPRECATED_OBJC_IMPLEMENTATIONS = YES;
				CLANG_WARN_DIRECT_OBJC_ISA_USAGE = YES_ERROR;
				CLANG_WARN_DOCUMENTATION_COMMENTS = YES;
				CLANG_WARN_EMPTY_BODY = YES;
				CLANG_WARN_ENUM_CONVERSION = YES;
				CLANG_WARN_INFINITE_RECURSION = YES;
				CLANG_WARN_INT_CONVERSION = YES;
				CLANG_WARN_NON_LITERAL_NULL_CONVERSION = YES;
				CLANG_WARN_OBJC_IMPLICIT_RETAIN_SELF = YES;
				CLANG_WARN_OBJC_LITERAL_CONVERSION = YES;
				CLANG_WARN_OBJC_ROOT_CLASS = YES_ERROR;
				CLANG_WARN_QUOTED_INCLUDE_IN_FRAMEWORK_HEADER = YES;
				CLANG_WARN_RANGE_LOOP_ANALYSIS = YES;
				CLANG_WARN_STRICT_PROTOTYPES = YES;
				CLANG_WARN_SUSPICIOUS_MOVE = YES;
				CLANG_WARN_UNGUARDED_AVAILABILITY = YES_AGGRESSIVE;
				CLANG_WARN_UNREACHABLE_CODE = YES;
				CLANG_WARN__DUPLICATE_METHOD_MATCH = YES;
				COPY_PHASE_STRIP = NO;
				DEBUG_INFORMATION_FORMAT = dwarf;
				ENABLE_STRICT_OBJC_MSGSEND = YES;
				ENABLE_TESTABILITY = YES;
				GCC_C_LANGUAGE_STANDARD = gnu11;
				GCC_DYNAMIC_NO_PIC = NO;
				GCC_NO_COMMON_BLOCKS = YES;
				GCC_OPTIMIZATION_LEVEL = 0;
				GCC_PREPROCESSOR_DEFINITIONS = (
					"DEBUG=1",
					"$(inherited)",
				);
				GCC_WARN_64_TO_32_BIT_CONVERSION = YES;
				GCC_WARN_ABOUT_RETURN_TYPE = YES_ERROR;
				GCC_WARN_UNDECLARED_SELECTOR = YES;
				GCC_WARN_UNINITIALIZED_AUTOS = YES_AGGRESSIVE;
				GCC_WARN_UNUSED_FUNCTION = YES;
				GCC_WARN_UNUSED_VARIABLE = YES;
				IPHONEOS_DEPLOYMENT_TARGET = 14.2;
				MTL_ENABLE_DEBUG_INFO = INCLUDE_SOURCE;
				MTL_FAST_MATH = YES;
				ONLY_ACTIVE_ARCH = YES;
				SDKROOT = iphoneos;
				SWIFT_ACTIVE_COMPILATION_CONDITIONS = DEBUG;
				SWIFT_OPTIMIZATION_LEVEL = "-Onone";
			};
			name = Debug;
		};
		494AE06C286B1C6E00C1E4F7 /* Release */ = {
			isa = XCBuildConfiguration;
			buildSettings = {
				ALWAYS_SEARCH_USER_PATHS = NO;
				CLANG_ANALYZER_NONNULL = YES;
				CLANG_ANALYZER_NUMBER_OBJECT_CONVERSION = YES_AGGRESSIVE;
				CLANG_CXX_LANGUAGE_STANDARD = "gnu++14";
				CLANG_CXX_LIBRARY = "libc++";
				CLANG_ENABLE_MODULES = YES;
				CLANG_ENABLE_OBJC_ARC = YES;
				CLANG_ENABLE_OBJC_WEAK = YES;
				CLANG_WARN_BLOCK_CAPTURE_AUTORELEASING = YES;
				CLANG_WARN_BOOL_CONVERSION = YES;
				CLANG_WARN_COMMA = YES;
				CLANG_WARN_CONSTANT_CONVERSION = YES;
				CLANG_WARN_DEPRECATED_OBJC_IMPLEMENTATIONS = YES;
				CLANG_WARN_DIRECT_OBJC_ISA_USAGE = YES_ERROR;
				CLANG_WARN_DOCUMENTATION_COMMENTS = YES;
				CLANG_WARN_EMPTY_BODY = YES;
				CLANG_WARN_ENUM_CONVERSION = YES;
				CLANG_WARN_INFINITE_RECURSION = YES;
				CLANG_WARN_INT_CONVERSION = YES;
				CLANG_WARN_NON_LITERAL_NULL_CONVERSION = YES;
				CLANG_WARN_OBJC_IMPLICIT_RETAIN_SELF = YES;
				CLANG_WARN_OBJC_LITERAL_CONVERSION = YES;
				CLANG_WARN_OBJC_ROOT_CLASS = YES_ERROR;
				CLANG_WARN_QUOTED_INCLUDE_IN_FRAMEWORK_HEADER = YES;
				CLANG_WARN_RANGE_LOOP_ANALYSIS = YES;
				CLANG_WARN_STRICT_PROTOTYPES = YES;
				CLANG_WARN_SUSPICIOUS_MOVE = YES;
				CLANG_WARN_UNGUARDED_AVAILABILITY = YES_AGGRESSIVE;
				CLANG_WARN_UNREACHABLE_CODE = YES;
				CLANG_WARN__DUPLICATE_METHOD_MATCH = YES;
				COPY_PHASE_STRIP = NO;
				DEBUG_INFORMATION_FORMAT = "dwarf-with-dsym";
				ENABLE_NS_ASSERTIONS = NO;
				ENABLE_STRICT_OBJC_MSGSEND = YES;
				GCC_C_LANGUAGE_STANDARD = gnu11;
				GCC_NO_COMMON_BLOCKS = YES;
				GCC_WARN_64_TO_32_BIT_CONVERSION = YES;
				GCC_WARN_ABOUT_RETURN_TYPE = YES_ERROR;
				GCC_WARN_UNDECLARED_SELECTOR = YES;
				GCC_WARN_UNINITIALIZED_AUTOS = YES_AGGRESSIVE;
				GCC_WARN_UNUSED_FUNCTION = YES;
				GCC_WARN_UNUSED_VARIABLE = YES;
				IPHONEOS_DEPLOYMENT_TARGET = 14.2;
				MTL_ENABLE_DEBUG_INFO = NO;
				MTL_FAST_MATH = YES;
				SDKROOT = iphoneos;
				SWIFT_COMPILATION_MODE = wholemodule;
				SWIFT_OPTIMIZATION_LEVEL = "-O";
				VALIDATE_PRODUCT = YES;
			};
			name = Release;
		};
		494AE06E286B1C6E00C1E4F7 /* Debug */ = {
			isa = XCBuildConfiguration;
			buildSettings = {
				ASSETCATALOG_COMPILER_APPICON_NAME = AppIcon;
				ASSETCATALOG_COMPILER_GLOBAL_ACCENT_COLOR_NAME = AccentColor;
				CODE_SIGN_STYLE = Automatic;
				DEVELOPMENT_TEAM = DP9VBDWN4S;
				INFOPLIST_FILE = MyHabits/Info.plist;
				LD_RUNPATH_SEARCH_PATHS = (
					"$(inherited)",
					"@executable_path/Frameworks",
				);
				PRODUCT_BUNDLE_IDENTIFIER = "-8080.MyHabits";
				PRODUCT_NAME = "$(TARGET_NAME)";
				SWIFT_VERSION = 5.0;
				TARGETED_DEVICE_FAMILY = "1,2";
			};
			name = Debug;
		};
		494AE06F286B1C6E00C1E4F7 /* Release */ = {
			isa = XCBuildConfiguration;
			buildSettings = {
				ASSETCATALOG_COMPILER_APPICON_NAME = AppIcon;
				ASSETCATALOG_COMPILER_GLOBAL_ACCENT_COLOR_NAME = AccentColor;
				CODE_SIGN_STYLE = Automatic;
				DEVELOPMENT_TEAM = DP9VBDWN4S;
				INFOPLIST_FILE = MyHabits/Info.plist;
				LD_RUNPATH_SEARCH_PATHS = (
					"$(inherited)",
					"@executable_path/Frameworks",
				);
				PRODUCT_BUNDLE_IDENTIFIER = "-8080.MyHabits";
				PRODUCT_NAME = "$(TARGET_NAME)";
				SWIFT_VERSION = 5.0;
				TARGETED_DEVICE_FAMILY = "1,2";
			};
			name = Release;
		};
/* End XCBuildConfiguration section */

/* Begin XCConfigurationList section */
		494AE054286B1C6C00C1E4F7 /* Build configuration list for PBXProject "MyHabits" */ = {
			isa = XCConfigurationList;
			buildConfigurations = (
				494AE06B286B1C6E00C1E4F7 /* Debug */,
				494AE06C286B1C6E00C1E4F7 /* Release */,
			);
			defaultConfigurationIsVisible = 0;
			defaultConfigurationName = Release;
		};
		494AE06D286B1C6E00C1E4F7 /* Build configuration list for PBXNativeTarget "MyHabits" */ = {
			isa = XCConfigurationList;
			buildConfigurations = (
				494AE06E286B1C6E00C1E4F7 /* Debug */,
				494AE06F286B1C6E00C1E4F7 /* Release */,
			);
			defaultConfigurationIsVisible = 0;
			defaultConfigurationName = Release;
		};
/* End XCConfigurationList section */
	};
	rootObject = 494AE051286B1C6C00C1E4F7 /* Project object */;
}
